
Microsoft Visual Studio Solution File, Format Version 12.00
# Visual Studio Express 2013 for Windows Desktop
VisualStudioVersion = 12.0.21005.1
MinimumVisualStudioVersion = 10.0.40219.1
Project("{FAE04EC0-301F-11D3-BF4B-00C04F79EFBC}") = "+01.BatGoikoTower", "01.BatGoikoTower\+01.BatGoikoTower.csproj", "{723CD52E-57EF-40BE-AE22-03EEF360CD6F}"
EndProject
Project("{FAE04EC0-301F-11D3-BF4B-00C04F79EFBC}") = "+02.FighterAttack", "02.FighterAttack\+02.FighterAttack.csproj", "{2570BA8D-5FA0-47E9-96E9-C9C7E39B23D4}"
EndProject
Project("{FAE04EC0-301F-11D3-BF4B-00C04F79EFBC}") = "+03.CoffeMachine", "03.CoffeMachine\+03.CoffeMachine.csproj", "{2CD0FF26-FA51-4539-86F7-ABAD3D474108}"
EndProject
Project("{FAE04EC0-301F-11D3-BF4B-00C04F79EFBC}") = "+04.Garden", "04.Garden\+04.Garden.csproj", "{080E6EE3-601D-47EC-BB55-BC5B11A0E003}"
EndProject
Project("{FAE04EC0-301F-11D3-BF4B-00C04F79EFBC}") = "+05.DrunkenNumbers", "05.DrunkenNumbers\+05.DrunkenNumbers.csproj", "{A7704EB7-190F-47AA-BB87-090A3BC8EB62}"
EndProject
Project("{FAE04EC0-301F-11D3-BF4B-00C04F79EFBC}") = "+06.Secrets", "06.Secrets\+06.Secrets.csproj", "{1D3FB7B7-DE9A-4E9C-8775-311F16229C45}"
EndProject
Project("{FAE04EC0-301F-11D3-BF4B-00C04F79EFBC}") = "+07.CardWars", "07.Card Wars\+07.CardWars.csproj", "{3F004122-E7EE-49D6-9FD3-3D963A72F39C}"
EndProject
Project("{FAE04EC0-301F-11D3-BF4B-00C04F79EFBC}") = "+08.BullsAndCows", "08.BullsAndCows\+08.BullsAndCows.csproj", "{5B4A27CB-3D6E-432C-AE44-0EC7201E0D3A}"
EndProject
Project("{FAE04EC0-301F-11D3-BF4B-00C04F79EFBC}") = "+09.Fire", "09.Fire\+09.Fire.csproj", "{156C82C5-52F2-40FB-B33C-73392B37C704}"
EndProject
Project("{FAE04EC0-301F-11D3-BF4B-00C04F79EFBC}") = "10.Neurons", "10.Neurons\10.Neurons.csproj", "{B4E31FA7-DE79-4472-B12B-F0C3CB4D03EC}"
EndProject
Project("{FAE04EC0-301F-11D3-BF4B-00C04F79EFBC}") = "11.Bittris", "11.Bittris\11.Bittris.csproj", "{B79A0DC3-8BE3-4431-A305-4FEA54A7F62E}"
EndProject
Project("{FAE04EC0-301F-11D3-BF4B-00C04F79EFBC}") = "+12.CartesianCoordinateSystem", "12.CartesianCoordinateSystem\+12.CartesianCoordinateSystem.csproj", "{B51E13DC-72F5-4115-874C-0C125C645DB0}"
EndProject
Project("{FAE04EC0-301F-11D3-BF4B-00C04F79EFBC}") = "+13.MissCat2011", "13.MissCat2011\+13.MissCat2011.csproj", "{F071A907-D7C7-4B2C-9F82-A301DFFF87C7}"
EndProject
Project("{FAE04EC0-301F-11D3-BF4B-00C04F79EFBC}") = "+14.ForestRoad", "14.ForestRoad\+14.ForestRoad.csproj", "{F684C0E8-996E-47BB-9B63-6F8CB9585F1C}"
EndProject
Project("{FAE04EC0-301F-11D3-BF4B-00C04F79EFBC}") = "+15.BinaryDigitsCount", "15.BinaryDigitsCount\+15.BinaryDigitsCount.csproj", "{DAAD6DD7-432E-4188-A3A8-B62F050FAB81}"
EndProject
Project("{FAE04EC0-301F-11D3-BF4B-00C04F79EFBC}") = "16.SubsetSums", "16.SubsetSums\16.SubsetSums.csproj", "{929FCC8C-02BF-4D29-BA13-7DF3CE904D68}"
EndProject
Project("{FAE04EC0-301F-11D3-BF4B-00C04F79EFBC}") = "+17.MathExpression", "17.MathExpression\+17.MathExpression.csproj", "{C7BE47B3-42D2-4BF3-A46C-4588A44489E6}"
EndProject
Project("{FAE04EC0-301F-11D3-BF4B-00C04F79EFBC}") = "+18.LeastMajorityMultiple", "18.LeastMajorityMultiple\+18.LeastMajorityMultiple.csproj", "{A1845A8E-34DC-4BB7-8EC9-1E824D428995}"
EndProject
Project("{FAE04EC0-301F-11D3-BF4B-00C04F79EFBC}") = "+19.Trapezoid", "19.Trapezoid\+19.Trapezoid.csproj", "{16A1823A-51B7-4AED-A15D-B7F44019B52D}"
EndProject
Project("{FAE04EC0-301F-11D3-BF4B-00C04F79EFBC}") = "+20.OddNumber", "20.OddNumber\+20.OddNumber.csproj", "{342FC329-BA63-40DD-B59D-23A895895E21}"
EndProject
Project("{FAE04EC0-301F-11D3-BF4B-00C04F79EFBC}") = "21.FallDown", "21.FallDown\21.FallDown.csproj", "{8765CE66-843C-4F77-B5C7-2725A7BFA3DA}"
EndProject
Project("{FAE04EC0-301F-11D3-BF4B-00C04F79EFBC}") = "+22.ShipDamage", "22.ShipDamage\+22.ShipDamage.csproj", "{1ADED34F-BFD0-4FDF-A131-7EA85A8F13D8}"
EndProject
Project("{FAE04EC0-301F-11D3-BF4B-00C04F79EFBC}") = "+23.Tribonacci", "23.Tribonacci\+23.Tribonacci.csproj", "{BB8DAC03-8FED-4338-97AC-63C79F6A2AD4}"
EndProject
Project("{FAE04EC0-301F-11D3-BF4B-00C04F79EFBC}") = "+24.FirTree", "24.FirTree\+24.FirTree.csproj", "{F208221A-63F6-4760-B182-038A37595D64}"
EndProject
Project("{FAE04EC0-301F-11D3-BF4B-00C04F79EFBC}") = "+25.WeAllLoveBits!", "25.WeAllLoveBits!\+25.WeAllLoveBits!.csproj", "{8B5DAF44-279E-4E46-A986-1C82C04CC2C6}"
EndProject
Project("{FAE04EC0-301F-11D3-BF4B-00C04F79EFBC}") = "26.Pillars", "26.Pillars\26.Pillars.csproj", "{06C871CB-12BA-42A3-8540-2CD4413173FD}"
EndProject
Project("{FAE04EC0-301F-11D3-BF4B-00C04F79EFBC}") = "+27.AstrologicalDigits", "27.AstrologicalDigits\+27.AstrologicalDigits.csproj", "{CEC135BE-1DA2-4FAE-942F-4565BE979730}"
EndProject
Project("{FAE04EC0-301F-11D3-BF4B-00C04F79EFBC}") = "+28.SandGlass", "28.SandGlass\+28.SandGlass.csproj", "{64FBA7ED-AD64-444D-8F7F-1E02948650FA}"
EndProject
Project("{FAE04EC0-301F-11D3-BF4B-00C04F79EFBC}") = "+29.DancingBits", "29.DancingBits\+29.DancingBits.csproj", "{CD59A8E2-5495-4AC3-A2EC-BEB809143F79}"
EndProject
Project("{FAE04EC0-301F-11D3-BF4B-00C04F79EFBC}") = "30.Lines", "30.Lines\30.Lines.csproj", "{E1987326-F615-4F95-AF1B-80D46F14878B}"
EndProject
Project("{FAE04EC0-301F-11D3-BF4B-00C04F79EFBC}") = "+31.NextDate", "31.NextDate\+31.NextDate.csproj", "{C0453D0A-7C0B-4EE8-A8EC-33ABA67F04DC}"
EndProject
Project("{FAE04EC0-301F-11D3-BF4B-00C04F79EFBC}") = "+32.TribonacciTriangle", "32. TribonacciTriangle\+32.TribonacciTriangle.csproj", "{3A09E9ED-C58C-42E3-A00B-63076698BBC6}"
EndProject
Project("{FAE04EC0-301F-11D3-BF4B-00C04F79EFBC}") = "+33.Sheets", "33.Sheets\+33.Sheets.csproj", "{2095CD9B-F215-435C-A5DA-32A1B1A803CB}"
EndProject
Project("{FAE04EC0-301F-11D3-BF4B-00C04F79EFBC}") = "+34.Carpets", "34.Carpets\+34.Carpets.csproj", "{78C0595B-313E-4EF3-B1C5-8EAAC454ACC7}"
EndProject
Project("{FAE04EC0-301F-11D3-BF4B-00C04F79EFBC}") = "35.FormulaBit1", "35.FormulaBit1\35.FormulaBit1.csproj", "{91462083-A709-4025-A1E2-A16439DABAF4}"
EndProject
Project("{FAE04EC0-301F-11D3-BF4B-00C04F79EFBC}") = "+36.SevenlandNumbers", "36.SevenlandNumbers\+36.SevenlandNumbers.csproj", "{FD662916-306D-48E9-BF05-D6F20BA47C31}"
EndProject
Project("{FAE04EC0-301F-11D3-BF4B-00C04F79EFBC}") = "+37.A-nacci", "37.A-nacci\+37.A-nacci.csproj", "{6F194618-7D12-4FE4-A350-D28CE45B2862}"
EndProject
Project("{FAE04EC0-301F-11D3-BF4B-00C04F79EFBC}") = "+38. ExcelColumns", "38. ExcelColumns\+38. ExcelColumns.csproj", "{4014771F-4FE5-45AD-8617-A853C9609156}"
EndProject
Project("{FAE04EC0-301F-11D3-BF4B-00C04F79EFBC}") = "+39.TelerikLogo", "39.TelerikLogo\+39.TelerikLogo.csproj", "{81A96D31-D2AD-4E80-B366-5F627F7BC466}"
EndProject
Project("{FAE04EC0-301F-11D3-BF4B-00C04F79EFBC}") = "40.BitBall", "40.BitBall\40.BitBall.csproj", "{B0402968-5509-4462-AB8B-6DA1D152FC06}"
EndProject
Project("{FAE04EC0-301F-11D3-BF4B-00C04F79EFBC}") = "+41.TripleRotationOfDigits", "41.TripleRotationOfDigits\+41.TripleRotationOfDigits.csproj", "{F42115ED-C3EA-4072-B425-05D1321C0CB7}"
EndProject
Project("{FAE04EC0-301F-11D3-BF4B-00C04F79EFBC}") = "+42.QuadronacciRectangle", "42.QuadronacciRectangle\+42.QuadronacciRectangle.csproj", "{431AD47E-B55D-4D9E-B400-2E882545D2BB}"
EndProject
Project("{FAE04EC0-301F-11D3-BF4B-00C04F79EFBC}") = "+43.Poker", "43.Poker\+43.Poker.csproj", "{9B51B3A8-BDAB-4A1F-969E-FBCA1ECBC84F}"
EndProject
Project("{FAE04EC0-301F-11D3-BF4B-00C04F79EFBC}") = "+44.UKFlag", "44.UKFlag\+44.UKFlag.csproj", "{D6474119-7983-4381-8CEB-5B6DDB03C29E}"
EndProject
Project("{FAE04EC0-301F-11D3-BF4B-00C04F79EFBC}") = "45. AngryBits", "45. AngryBits\45. AngryBits.csproj", "{3C5652B1-B407-4EA7-99F3-CCE4B543DF73}"
EndProject
Project("{FAE04EC0-301F-11D3-BF4B-00C04F79EFBC}") = "+46.KidsAcademy", "46.KidsAcademy\+46.KidsAcademy.csproj", "{CD8679DA-BA39-46BD-BFE7-F1546B7B5746}"
EndProject
Global
	GlobalSection(SolutionConfigurationPlatforms) = preSolution
		Debug|Any CPU = Debug|Any CPU
		Release|Any CPU = Release|Any CPU
	EndGlobalSection
	GlobalSection(ProjectConfigurationPlatforms) = postSolution
		{723CD52E-57EF-40BE-AE22-03EEF360CD6F}.Debug|Any CPU.ActiveCfg = Debug|Any CPU
		{723CD52E-57EF-40BE-AE22-03EEF360CD6F}.Debug|Any CPU.Build.0 = Debug|Any CPU
		{723CD52E-57EF-40BE-AE22-03EEF360CD6F}.Release|Any CPU.ActiveCfg = Release|Any CPU
		{723CD52E-57EF-40BE-AE22-03EEF360CD6F}.Release|Any CPU.Build.0 = Release|Any CPU
		{2570BA8D-5FA0-47E9-96E9-C9C7E39B23D4}.Debug|Any CPU.ActiveCfg = Debug|Any CPU
		{2570BA8D-5FA0-47E9-96E9-C9C7E39B23D4}.Debug|Any CPU.Build.0 = Debug|Any CPU
		{2570BA8D-5FA0-47E9-96E9-C9C7E39B23D4}.Release|Any CPU.ActiveCfg = Release|Any CPU
		{2570BA8D-5FA0-47E9-96E9-C9C7E39B23D4}.Release|Any CPU.Build.0 = Release|Any CPU
		{2CD0FF26-FA51-4539-86F7-ABAD3D474108}.Debug|Any CPU.ActiveCfg = Debug|Any CPU
		{2CD0FF26-FA51-4539-86F7-ABAD3D474108}.Debug|Any CPU.Build.0 = Debug|Any CPU
		{2CD0FF26-FA51-4539-86F7-ABAD3D474108}.Release|Any CPU.ActiveCfg = Release|Any CPU
		{2CD0FF26-FA51-4539-86F7-ABAD3D474108}.Release|Any CPU.Build.0 = Release|Any CPU
		{080E6EE3-601D-47EC-BB55-BC5B11A0E003}.Debug|Any CPU.ActiveCfg = Debug|Any CPU
		{080E6EE3-601D-47EC-BB55-BC5B11A0E003}.Debug|Any CPU.Build.0 = Debug|Any CPU
		{080E6EE3-601D-47EC-BB55-BC5B11A0E003}.Release|Any CPU.ActiveCfg = Release|Any CPU
		{080E6EE3-601D-47EC-BB55-BC5B11A0E003}.Release|Any CPU.Build.0 = Release|Any CPU
		{A7704EB7-190F-47AA-BB87-090A3BC8EB62}.Debug|Any CPU.ActiveCfg = Debug|Any CPU
		{A7704EB7-190F-47AA-BB87-090A3BC8EB62}.Debug|Any CPU.Build.0 = Debug|Any CPU
		{A7704EB7-190F-47AA-BB87-090A3BC8EB62}.Release|Any CPU.ActiveCfg = Release|Any CPU
		{A7704EB7-190F-47AA-BB87-090A3BC8EB62}.Release|Any CPU.Build.0 = Release|Any CPU
		{1D3FB7B7-DE9A-4E9C-8775-311F16229C45}.Debug|Any CPU.ActiveCfg = Debug|Any CPU
		{1D3FB7B7-DE9A-4E9C-8775-311F16229C45}.Debug|Any CPU.Build.0 = Debug|Any CPU
		{1D3FB7B7-DE9A-4E9C-8775-311F16229C45}.Release|Any CPU.ActiveCfg = Release|Any CPU
		{1D3FB7B7-DE9A-4E9C-8775-311F16229C45}.Release|Any CPU.Build.0 = Release|Any CPU
		{3F004122-E7EE-49D6-9FD3-3D963A72F39C}.Debug|Any CPU.ActiveCfg = Debug|Any CPU
		{3F004122-E7EE-49D6-9FD3-3D963A72F39C}.Debug|Any CPU.Build.0 = Debug|Any CPU
		{3F004122-E7EE-49D6-9FD3-3D963A72F39C}.Release|Any CPU.ActiveCfg = Release|Any CPU
		{3F004122-E7EE-49D6-9FD3-3D963A72F39C}.Release|Any CPU.Build.0 = Release|Any CPU
		{5B4A27CB-3D6E-432C-AE44-0EC7201E0D3A}.Debug|Any CPU.ActiveCfg = Debug|Any CPU
		{5B4A27CB-3D6E-432C-AE44-0EC7201E0D3A}.Debug|Any CPU.Build.0 = Debug|Any CPU
		{5B4A27CB-3D6E-432C-AE44-0EC7201E0D3A}.Release|Any CPU.ActiveCfg = Release|Any CPU
		{5B4A27CB-3D6E-432C-AE44-0EC7201E0D3A}.Release|Any CPU.Build.0 = Release|Any CPU
		{156C82C5-52F2-40FB-B33C-73392B37C704}.Debug|Any CPU.ActiveCfg = Debug|Any CPU
		{156C82C5-52F2-40FB-B33C-73392B37C704}.Debug|Any CPU.Build.0 = Debug|Any CPU
		{156C82C5-52F2-40FB-B33C-73392B37C704}.Release|Any CPU.ActiveCfg = Release|Any CPU
		{156C82C5-52F2-40FB-B33C-73392B37C704}.Release|Any CPU.Build.0 = Release|Any CPU
		{B4E31FA7-DE79-4472-B12B-F0C3CB4D03EC}.Debug|Any CPU.ActiveCfg = Debug|Any CPU
		{B4E31FA7-DE79-4472-B12B-F0C3CB4D03EC}.Debug|Any CPU.Build.0 = Debug|Any CPU
		{B4E31FA7-DE79-4472-B12B-F0C3CB4D03EC}.Release|Any CPU.ActiveCfg = Release|Any CPU
		{B4E31FA7-DE79-4472-B12B-F0C3CB4D03EC}.Release|Any CPU.Build.0 = Release|Any CPU
		{B79A0DC3-8BE3-4431-A305-4FEA54A7F62E}.Debug|Any CPU.ActiveCfg = Debug|Any CPU
		{B79A0DC3-8BE3-4431-A305-4FEA54A7F62E}.Debug|Any CPU.Build.0 = Debug|Any CPU
		{B79A0DC3-8BE3-4431-A305-4FEA54A7F62E}.Release|Any CPU.ActiveCfg = Release|Any CPU
		{B79A0DC3-8BE3-4431-A305-4FEA54A7F62E}.Release|Any CPU.Build.0 = Release|Any CPU
		{B51E13DC-72F5-4115-874C-0C125C645DB0}.Debug|Any CPU.ActiveCfg = Debug|Any CPU
		{B51E13DC-72F5-4115-874C-0C125C645DB0}.Debug|Any CPU.Build.0 = Debug|Any CPU
		{B51E13DC-72F5-4115-874C-0C125C645DB0}.Release|Any CPU.ActiveCfg = Release|Any CPU
		{B51E13DC-72F5-4115-874C-0C125C645DB0}.Release|Any CPU.Build.0 = Release|Any CPU
		{F071A907-D7C7-4B2C-9F82-A301DFFF87C7}.Debug|Any CPU.ActiveCfg = Debug|Any CPU
		{F071A907-D7C7-4B2C-9F82-A301DFFF87C7}.Debug|Any CPU.Build.0 = Debug|Any CPU
		{F071A907-D7C7-4B2C-9F82-A301DFFF87C7}.Release|Any CPU.ActiveCfg = Release|Any CPU
		{F071A907-D7C7-4B2C-9F82-A301DFFF87C7}.Release|Any CPU.Build.0 = Release|Any CPU
		{F684C0E8-996E-47BB-9B63-6F8CB9585F1C}.Debug|Any CPU.ActiveCfg = Debug|Any CPU
		{F684C0E8-996E-47BB-9B63-6F8CB9585F1C}.Debug|Any CPU.Build.0 = Debug|Any CPU
		{F684C0E8-996E-47BB-9B63-6F8CB9585F1C}.Release|Any CPU.ActiveCfg = Release|Any CPU
		{F684C0E8-996E-47BB-9B63-6F8CB9585F1C}.Release|Any CPU.Build.0 = Release|Any CPU
		{DAAD6DD7-432E-4188-A3A8-B62F050FAB81}.Debug|Any CPU.ActiveCfg = Debug|Any CPU
		{DAAD6DD7-432E-4188-A3A8-B62F050FAB81}.Debug|Any CPU.Build.0 = Debug|Any CPU
		{DAAD6DD7-432E-4188-A3A8-B62F050FAB81}.Release|Any CPU.ActiveCfg = Release|Any CPU
		{DAAD6DD7-432E-4188-A3A8-B62F050FAB81}.Release|Any CPU.Build.0 = Release|Any CPU
		{929FCC8C-02BF-4D29-BA13-7DF3CE904D68}.Debug|Any CPU.ActiveCfg = Debug|Any CPU
		{929FCC8C-02BF-4D29-BA13-7DF3CE904D68}.Debug|Any CPU.Build.0 = Debug|Any CPU
		{929FCC8C-02BF-4D29-BA13-7DF3CE904D68}.Release|Any CPU.ActiveCfg = Release|Any CPU
		{929FCC8C-02BF-4D29-BA13-7DF3CE904D68}.Release|Any CPU.Build.0 = Release|Any CPU
		{C7BE47B3-42D2-4BF3-A46C-4588A44489E6}.Debug|Any CPU.ActiveCfg = Debug|Any CPU
		{C7BE47B3-42D2-4BF3-A46C-4588A44489E6}.Debug|Any CPU.Build.0 = Debug|Any CPU
		{C7BE47B3-42D2-4BF3-A46C-4588A44489E6}.Release|Any CPU.ActiveCfg = Release|Any CPU
		{C7BE47B3-42D2-4BF3-A46C-4588A44489E6}.Release|Any CPU.Build.0 = Release|Any CPU
		{A1845A8E-34DC-4BB7-8EC9-1E824D428995}.Debug|Any CPU.ActiveCfg = Debug|Any CPU
		{A1845A8E-34DC-4BB7-8EC9-1E824D428995}.Debug|Any CPU.Build.0 = Debug|Any CPU
		{A1845A8E-34DC-4BB7-8EC9-1E824D428995}.Release|Any CPU.ActiveCfg = Release|Any CPU
		{A1845A8E-34DC-4BB7-8EC9-1E824D428995}.Release|Any CPU.Build.0 = Release|Any CPU
		{16A1823A-51B7-4AED-A15D-B7F44019B52D}.Debug|Any CPU.ActiveCfg = Debug|Any CPU
		{16A1823A-51B7-4AED-A15D-B7F44019B52D}.Debug|Any CPU.Build.0 = Debug|Any CPU
		{16A1823A-51B7-4AED-A15D-B7F44019B52D}.Release|Any CPU.ActiveCfg = Release|Any CPU
		{16A1823A-51B7-4AED-A15D-B7F44019B52D}.Release|Any CPU.Build.0 = Release|Any CPU
		{342FC329-BA63-40DD-B59D-23A895895E21}.Debug|Any CPU.ActiveCfg = Debug|Any CPU
		{342FC329-BA63-40DD-B59D-23A895895E21}.Debug|Any CPU.Build.0 = Debug|Any CPU
		{342FC329-BA63-40DD-B59D-23A895895E21}.Release|Any CPU.ActiveCfg = Release|Any CPU
		{342FC329-BA63-40DD-B59D-23A895895E21}.Release|Any CPU.Build.0 = Release|Any CPU
		{8765CE66-843C-4F77-B5C7-2725A7BFA3DA}.Debug|Any CPU.ActiveCfg = Debug|Any CPU
		{8765CE66-843C-4F77-B5C7-2725A7BFA3DA}.Debug|Any CPU.Build.0 = Debug|Any CPU
		{8765CE66-843C-4F77-B5C7-2725A7BFA3DA}.Release|Any CPU.ActiveCfg = Release|Any CPU
		{8765CE66-843C-4F77-B5C7-2725A7BFA3DA}.Release|Any CPU.Build.0 = Release|Any CPU
		{1ADED34F-BFD0-4FDF-A131-7EA85A8F13D8}.Debug|Any CPU.ActiveCfg = Debug|Any CPU
		{1ADED34F-BFD0-4FDF-A131-7EA85A8F13D8}.Debug|Any CPU.Build.0 = Debug|Any CPU
		{1ADED34F-BFD0-4FDF-A131-7EA85A8F13D8}.Release|Any CPU.ActiveCfg = Release|Any CPU
		{1ADED34F-BFD0-4FDF-A131-7EA85A8F13D8}.Release|Any CPU.Build.0 = Release|Any CPU
		{BB8DAC03-8FED-4338-97AC-63C79F6A2AD4}.Debug|Any CPU.ActiveCfg = Debug|Any CPU
		{BB8DAC03-8FED-4338-97AC-63C79F6A2AD4}.Debug|Any CPU.Build.0 = Debug|Any CPU
		{BB8DAC03-8FED-4338-97AC-63C79F6A2AD4}.Release|Any CPU.ActiveCfg = Release|Any CPU
		{BB8DAC03-8FED-4338-97AC-63C79F6A2AD4}.Release|Any CPU.Build.0 = Release|Any CPU
		{F208221A-63F6-4760-B182-038A37595D64}.Debug|Any CPU.ActiveCfg = Debug|Any CPU
		{F208221A-63F6-4760-B182-038A37595D64}.Debug|Any CPU.Build.0 = Debug|Any CPU
		{F208221A-63F6-4760-B182-038A37595D64}.Release|Any CPU.ActiveCfg = Release|Any CPU
		{F208221A-63F6-4760-B182-038A37595D64}.Release|Any CPU.Build.0 = Release|Any CPU
		{8B5DAF44-279E-4E46-A986-1C82C04CC2C6}.Debug|Any CPU.ActiveCfg = Debug|Any CPU
		{8B5DAF44-279E-4E46-A986-1C82C04CC2C6}.Debug|Any CPU.Build.0 = Debug|Any CPU
		{8B5DAF44-279E-4E46-A986-1C82C04CC2C6}.Release|Any CPU.ActiveCfg = Release|Any CPU
		{8B5DAF44-279E-4E46-A986-1C82C04CC2C6}.Release|Any CPU.Build.0 = Release|Any CPU
		{06C871CB-12BA-42A3-8540-2CD4413173FD}.Debug|Any CPU.ActiveCfg = Debug|Any CPU
		{06C871CB-12BA-42A3-8540-2CD4413173FD}.Debug|Any CPU.Build.0 = Debug|Any CPU
		{06C871CB-12BA-42A3-8540-2CD4413173FD}.Release|Any CPU.ActiveCfg = Release|Any CPU
		{06C871CB-12BA-42A3-8540-2CD4413173FD}.Release|Any CPU.Build.0 = Release|Any CPU
		{CEC135BE-1DA2-4FAE-942F-4565BE979730}.Debug|Any CPU.ActiveCfg = Debug|Any CPU
		{CEC135BE-1DA2-4FAE-942F-4565BE979730}.Debug|Any CPU.Build.0 = Debug|Any CPU
		{CEC135BE-1DA2-4FAE-942F-4565BE979730}.Release|Any CPU.ActiveCfg = Release|Any CPU
		{CEC135BE-1DA2-4FAE-942F-4565BE979730}.Release|Any CPU.Build.0 = Release|Any CPU
		{64FBA7ED-AD64-444D-8F7F-1E02948650FA}.Debug|Any CPU.ActiveCfg = Debug|Any CPU
		{64FBA7ED-AD64-444D-8F7F-1E02948650FA}.Debug|Any CPU.Build.0 = Debug|Any CPU
		{64FBA7ED-AD64-444D-8F7F-1E02948650FA}.Release|Any CPU.ActiveCfg = Release|Any CPU
		{64FBA7ED-AD64-444D-8F7F-1E02948650FA}.Release|Any CPU.Build.0 = Release|Any CPU
		{CD59A8E2-5495-4AC3-A2EC-BEB809143F79}.Debug|Any CPU.ActiveCfg = Debug|Any CPU
		{CD59A8E2-5495-4AC3-A2EC-BEB809143F79}.Debug|Any CPU.Build.0 = Debug|Any CPU
		{CD59A8E2-5495-4AC3-A2EC-BEB809143F79}.Release|Any CPU.ActiveCfg = Release|Any CPU
		{CD59A8E2-5495-4AC3-A2EC-BEB809143F79}.Release|Any CPU.Build.0 = Release|Any CPU
		{E1987326-F615-4F95-AF1B-80D46F14878B}.Debug|Any CPU.ActiveCfg = Debug|Any CPU
		{E1987326-F615-4F95-AF1B-80D46F14878B}.Debug|Any CPU.Build.0 = Debug|Any CPU
		{E1987326-F615-4F95-AF1B-80D46F14878B}.Release|Any CPU.ActiveCfg = Release|Any CPU
		{E1987326-F615-4F95-AF1B-80D46F14878B}.Release|Any CPU.Build.0 = Release|Any CPU
		{C0453D0A-7C0B-4EE8-A8EC-33ABA67F04DC}.Debug|Any CPU.ActiveCfg = Debug|Any CPU
		{C0453D0A-7C0B-4EE8-A8EC-33ABA67F04DC}.Debug|Any CPU.Build.0 = Debug|Any CPU
		{C0453D0A-7C0B-4EE8-A8EC-33ABA67F04DC}.Release|Any CPU.ActiveCfg = Release|Any CPU
		{C0453D0A-7C0B-4EE8-A8EC-33ABA67F04DC}.Release|Any CPU.Build.0 = Release|Any CPU
		{3A09E9ED-C58C-42E3-A00B-63076698BBC6}.Debug|Any CPU.ActiveCfg = Debug|Any CPU
		{3A09E9ED-C58C-42E3-A00B-63076698BBC6}.Debug|Any CPU.Build.0 = Debug|Any CPU
		{3A09E9ED-C58C-42E3-A00B-63076698BBC6}.Release|Any CPU.ActiveCfg = Release|Any CPU
		{3A09E9ED-C58C-42E3-A00B-63076698BBC6}.Release|Any CPU.Build.0 = Release|Any CPU
		{2095CD9B-F215-435C-A5DA-32A1B1A803CB}.Debug|Any CPU.ActiveCfg = Debug|Any CPU
		{2095CD9B-F215-435C-A5DA-32A1B1A803CB}.Debug|Any CPU.Build.0 = Debug|Any CPU
		{2095CD9B-F215-435C-A5DA-32A1B1A803CB}.Release|Any CPU.ActiveCfg = Release|Any CPU
		{2095CD9B-F215-435C-A5DA-32A1B1A803CB}.Release|Any CPU.Build.0 = Release|Any CPU
		{78C0595B-313E-4EF3-B1C5-8EAAC454ACC7}.Debug|Any CPU.ActiveCfg = Debug|Any CPU
		{78C0595B-313E-4EF3-B1C5-8EAAC454ACC7}.Debug|Any CPU.Build.0 = Debug|Any CPU
		{78C0595B-313E-4EF3-B1C5-8EAAC454ACC7}.Release|Any CPU.ActiveCfg = Release|Any CPU
		{78C0595B-313E-4EF3-B1C5-8EAAC454ACC7}.Release|Any CPU.Build.0 = Release|Any CPU
		{91462083-A709-4025-A1E2-A16439DABAF4}.Debug|Any CPU.ActiveCfg = Debug|Any CPU
		{91462083-A709-4025-A1E2-A16439DABAF4}.Debug|Any CPU.Build.0 = Debug|Any CPU
		{91462083-A709-4025-A1E2-A16439DABAF4}.Release|Any CPU.ActiveCfg = Release|Any CPU
		{91462083-A709-4025-A1E2-A16439DABAF4}.Release|Any CPU.Build.0 = Release|Any CPU
		{FD662916-306D-48E9-BF05-D6F20BA47C31}.Debug|Any CPU.ActiveCfg = Debug|Any CPU
		{FD662916-306D-48E9-BF05-D6F20BA47C31}.Debug|Any CPU.Build.0 = Debug|Any CPU
		{FD662916-306D-48E9-BF05-D6F20BA47C31}.Release|Any CPU.ActiveCfg = Release|Any CPU
		{FD662916-306D-48E9-BF05-D6F20BA47C31}.Release|Any CPU.Build.0 = Release|Any CPU
		{6F194618-7D12-4FE4-A350-D28CE45B2862}.Debug|Any CPU.ActiveCfg = Debug|Any CPU
		{6F194618-7D12-4FE4-A350-D28CE45B2862}.Debug|Any CPU.Build.0 = Debug|Any CPU
		{6F194618-7D12-4FE4-A350-D28CE45B2862}.Release|Any CPU.ActiveCfg = Release|Any CPU
		{6F194618-7D12-4FE4-A350-D28CE45B2862}.Release|Any CPU.Build.0 = Release|Any CPU
		{4014771F-4FE5-45AD-8617-A853C9609156}.Debug|Any CPU.ActiveCfg = Debug|Any CPU
		{4014771F-4FE5-45AD-8617-A853C9609156}.Debug|Any CPU.Build.0 = Debug|Any CPU
		{4014771F-4FE5-45AD-8617-A853C9609156}.Release|Any CPU.ActiveCfg = Release|Any CPU
		{4014771F-4FE5-45AD-8617-A853C9609156}.Release|Any CPU.Build.0 = Release|Any CPU
		{81A96D31-D2AD-4E80-B366-5F627F7BC466}.Debug|Any CPU.ActiveCfg = Debug|Any CPU
		{81A96D31-D2AD-4E80-B366-5F627F7BC466}.Debug|Any CPU.Build.0 = Debug|Any CPU
		{81A96D31-D2AD-4E80-B366-5F627F7BC466}.Release|Any CPU.ActiveCfg = Release|Any CPU
		{81A96D31-D2AD-4E80-B366-5F627F7BC466}.Release|Any CPU.Build.0 = Release|Any CPU
		{B0402968-5509-4462-AB8B-6DA1D152FC06}.Debug|Any CPU.ActiveCfg = Debug|Any CPU
		{B0402968-5509-4462-AB8B-6DA1D152FC06}.Debug|Any CPU.Build.0 = Debug|Any CPU
		{B0402968-5509-4462-AB8B-6DA1D152FC06}.Release|Any CPU.ActiveCfg = Release|Any CPU
		{B0402968-5509-4462-AB8B-6DA1D152FC06}.Release|Any CPU.Build.0 = Release|Any CPU
		{F42115ED-C3EA-4072-B425-05D1321C0CB7}.Debug|Any CPU.ActiveCfg = Debug|Any CPU
		{F42115ED-C3EA-4072-B425-05D1321C0CB7}.Debug|Any CPU.Build.0 = Debug|Any CPU
		{F42115ED-C3EA-4072-B425-05D1321C0CB7}.Release|Any CPU.ActiveCfg = Release|Any CPU
		{F42115ED-C3EA-4072-B425-05D1321C0CB7}.Release|Any CPU.Build.0 = Release|Any CPU
		{431AD47E-B55D-4D9E-B400-2E882545D2BB}.Debug|Any CPU.ActiveCfg = Debug|Any CPU
		{431AD47E-B55D-4D9E-B400-2E882545D2BB}.Debug|Any CPU.Build.0 = Debug|Any CPU
		{431AD47E-B55D-4D9E-B400-2E882545D2BB}.Release|Any CPU.ActiveCfg = Release|Any CPU
		{431AD47E-B55D-4D9E-B400-2E882545D2BB}.Release|Any CPU.Build.0 = Release|Any CPU
		{9B51B3A8-BDAB-4A1F-969E-FBCA1ECBC84F}.Debug|Any CPU.ActiveCfg = Debug|Any CPU
		{9B51B3A8-BDAB-4A1F-969E-FBCA1ECBC84F}.Debug|Any CPU.Build.0 = Debug|Any CPU
		{9B51B3A8-BDAB-4A1F-969E-FBCA1ECBC84F}.Release|Any CPU.ActiveCfg = Release|Any CPU
		{9B51B3A8-BDAB-4A1F-969E-FBCA1ECBC84F}.Release|Any CPU.Build.0 = Release|Any CPU
		{D6474119-7983-4381-8CEB-5B6DDB03C29E}.Debug|Any CPU.ActiveCfg = Debug|Any CPU
		{D6474119-7983-4381-8CEB-5B6DDB03C29E}.Debug|Any CPU.Build.0 = Debug|Any CPU
		{D6474119-7983-4381-8CEB-5B6DDB03C29E}.Release|Any CPU.ActiveCfg = Release|Any CPU
		{D6474119-7983-4381-8CEB-5B6DDB03C29E}.Release|Any CPU.Build.0 = Release|Any CPU
		{3C5652B1-B407-4EA7-99F3-CCE4B543DF73}.Debug|Any CPU.ActiveCfg = Debug|Any CPU
		{3C5652B1-B407-4EA7-99F3-CCE4B543DF73}.Debug|Any CPU.Build.0 = Debug|Any CPU
		{3C5652B1-B407-4EA7-99F3-CCE4B543DF73}.Release|Any CPU.ActiveCfg = Release|Any CPU
		{3C5652B1-B407-4EA7-99F3-CCE4B543DF73}.Release|Any CPU.Build.0 = Release|Any CPU
		{CD8679DA-BA39-46BD-BFE7-F1546B7B5746}.Debug|Any CPU.ActiveCfg = Debug|Any CPU
		{CD8679DA-BA39-46BD-BFE7-F1546B7B5746}.Debug|Any CPU.Build.0 = Debug|Any CPU
		{CD8679DA-BA39-46BD-BFE7-F1546B7B5746}.Release|Any CPU.ActiveCfg = Release|Any CPU
		{CD8679DA-BA39-46BD-BFE7-F1546B7B5746}.Release|Any CPU.Build.0 = Release|Any CPU
	EndGlobalSection
	GlobalSection(SolutionProperties) = preSolution
		HideSolutionNode = FALSE
	EndGlobalSection
EndGlobal
